// !$*UTF8*$!
{
	archiveVersion = 1;
	classes = {
	};
	objectVersion = 46;
	objects = {

/* Begin PBXBuildFile section */
		60BBFF221BD9EFB3003AAC59 /* main.m in Sources */ = {isa = PBXBuildFile; fileRef = 60BBFF211BD9EFB3003AAC59 /* main.m */; };
		60BBFF251BD9EFB3003AAC59 /* AppDelegate.m in Sources */ = {isa = PBXBuildFile; fileRef = 60BBFF241BD9EFB3003AAC59 /* AppDelegate.m */; };
		60BBFF281BD9EFB3003AAC59 /* ViewController.m in Sources */ = {isa = PBXBuildFile; fileRef = 60BBFF271BD9EFB3003AAC59 /* ViewController.m */; };
		60BBFF2B1BD9EFB3003AAC59 /* Main.storyboard in Resources */ = {isa = PBXBuildFile; fileRef = 60BBFF291BD9EFB3003AAC59 /* Main.storyboard */; };
		60BBFF2D1BD9EFB3003AAC59 /* Assets.xcassets in Resources */ = {isa = PBXBuildFile; fileRef = 60BBFF2C1BD9EFB3003AAC59 /* Assets.xcassets */; };
		60BBFF301BD9EFB3003AAC59 /* LaunchScreen.storyboard in Resources */ = {isa = PBXBuildFile; fileRef = 60BBFF2E1BD9EFB3003AAC59 /* LaunchScreen.storyboard */; };
		60BBFF3B1BDA0C5C003AAC59 /* CLRButton.m in Sources */ = {isa = PBXBuildFile; fileRef = 60BBFF3A1BDA0C5C003AAC59 /* CLRButton.m */; };
		60BBFF3E1BDA2424003AAC59 /* UIColor+Lightness.m in Sources */ = {isa = PBXBuildFile; fileRef = 60BBFF3D1BDA2424003AAC59 /* UIColor+Lightness.m */; };
/* End PBXBuildFile section */

/* Begin PBXFileReference section */
		60BBFF1D1BD9EFB3003AAC59 /* Colorizer.app */ = {isa = PBXFileReference; explicitFileType = wrapper.application; includeInIndex = 0; path = Colorizer.app; sourceTree = BUILT_PRODUCTS_DIR; };
		60BBFF211BD9EFB3003AAC59 /* main.m */ = {isa = PBXFileReference; lastKnownFileType = sourcecode.c.objc; path = main.m; sourceTree = "<group>"; };
		60BBFF231BD9EFB3003AAC59 /* AppDelegate.h */ = {isa = PBXFileReference; lastKnownFileType = sourcecode.c.h; path = AppDelegate.h; sourceTree = "<group>"; };
		60BBFF241BD9EFB3003AAC59 /* AppDelegate.m */ = {isa = PBXFileReference; lastKnownFileType = sourcecode.c.objc; path = AppDelegate.m; sourceTree = "<group>"; };
		60BBFF261BD9EFB3003AAC59 /* ViewController.h */ = {isa = PBXFileReference; lastKnownFileType = sourcecode.c.h; path = ViewController.h; sourceTree = "<group>"; };
		60BBFF271BD9EFB3003AAC59 /* ViewController.m */ = {isa = PBXFileReference; lastKnownFileType = sourcecode.c.objc; path = ViewController.m; sourceTree = "<group>"; };
		60BBFF2A1BD9EFB3003AAC59 /* Base */ = {isa = PBXFileReference; lastKnownFileType = file.storyboard; name = Base; path = Base.lproj/Main.storyboard; sourceTree = "<group>"; };
		60BBFF2C1BD9EFB3003AAC59 /* Assets.xcassets */ = {isa = PBXFileReference; lastKnownFileType = folder.assetcatalog; path = Assets.xcassets; sourceTree = "<group>"; };
		60BBFF2F1BD9EFB3003AAC59 /* Base */ = {isa = PBXFileReference; lastKnownFileType = file.storyboard; name = Base; path = Base.lproj/LaunchScreen.storyboard; sourceTree = "<group>"; };
		60BBFF311BD9EFB3003AAC59 /* Info.plist */ = {isa = PBXFileReference; lastKnownFileType = text.plist.xml; path = Info.plist; sourceTree = "<group>"; };
		60BBFF391BDA0C5C003AAC59 /* CLRButton.h */ = {isa = PBXFileReference; fileEncoding = 4; lastKnownFileType = sourcecode.c.h; path = CLRButton.h; sourceTree = "<group>"; };
		60BBFF3A1BDA0C5C003AAC59 /* CLRButton.m */ = {isa = PBXFileReference; fileEncoding = 4; lastKnownFileType = sourcecode.c.objc; path = CLRButton.m; sourceTree = "<group>"; };
		60BBFF3C1BDA2424003AAC59 /* UIColor+Lightness.h */ = {isa = PBXFileReference; fileEncoding = 4; lastKnownFileType = sourcecode.c.h; path = "UIColor+Lightness.h"; sourceTree = "<group>"; };
		60BBFF3D1BDA2424003AAC59 /* UIColor+Lightness.m */ = {isa = PBXFileReference; fileEncoding = 4; lastKnownFileType = sourcecode.c.objc; path = "UIColor+Lightness.m"; sourceTree = "<group>"; };
/* End PBXFileReference section */

/* Begin PBXFrameworksBuildPhase section */
		60BBFF1A1BD9EFB3003AAC59 /* Frameworks */ = {
			isa = PBXFrameworksBuildPhase;
			buildActionMask = 2147483647;
			files = (
			);
			runOnlyForDeploymentPostprocessing = 0;
		};
/* End PBXFrameworksBuildPhase section */

/* Begin PBXGroup section */
		60BBFF141BD9EFB3003AAC59 = {
			isa = PBXGroup;
			children = (
				60BBFF1F1BD9EFB3003AAC59 /* SingleV */,
				60BBFF1E1BD9EFB3003AAC59 /* Products */,
			);
			sourceTree = "<group>";
		};
		60BBFF1E1BD9EFB3003AAC59 /* Products */ = {
			isa = PBXGroup;
			children = (
				60BBFF1D1BD9EFB3003AAC59 /* Colorizer.app */,
			);
			name = Products;
			sourceTree = "<group>";
		};
		60BBFF1F1BD9EFB3003AAC59 /* SingleV */ = {
			isa = PBXGroup;
			children = (
				60BBFF231BD9EFB3003AAC59 /* AppDelegate.h */,
				60BBFF241BD9EFB3003AAC59 /* AppDelegate.m */,
				60BBFF261BD9EFB3003AAC59 /* ViewController.h */,
				60BBFF271BD9EFB3003AAC59 /* ViewController.m */,
				60BBFF3C1BDA2424003AAC59 /* UIColor+Lightness.h */,
				60BBFF3D1BDA2424003AAC59 /* UIColor+Lightness.m */,
				60BBFF291BD9EFB3003AAC59 /* Main.storyboard */,
				60BBFF391BDA0C5C003AAC59 /* CLRButton.h */,
				60BBFF3A1BDA0C5C003AAC59 /* CLRButton.m */,
				60BBFF2C1BD9EFB3003AAC59 /* Assets.xcassets */,
				60BBFF2E1BD9EFB3003AAC59 /* LaunchScreen.storyboard */,
				60BBFF311BD9EFB3003AAC59 /* Info.plist */,
				60BBFF201BD9EFB3003AAC59 /* Supporting Files */,
			);
			path = SingleV;
			sourceTree = "<group>";
		};
		60BBFF201BD9EFB3003AAC59 /* Supporting Files */ = {
			isa = PBXGroup;
			children = (
				60BBFF211BD9EFB3003AAC59 /* main.m */,
			);
			name = "Supporting Files";
			sourceTree = "<group>";
		};
/* End PBXGroup section */

/* Begin PBXNativeTarget section */
		60BBFF1C1BD9EFB3003AAC59 /* Colorizer */ = {
			isa = PBXNativeTarget;
			buildConfigurationList = 60BBFF341BD9EFB3003AAC59 /* Build configuration list for PBXNativeTarget "Colorizer" */;
			buildPhases = (
				60BBFF191BD9EFB3003AAC59 /* Sources */,
				60BBFF1A1BD9EFB3003AAC59 /* Frameworks */,
				60BBFF1B1BD9EFB3003AAC59 /* Resources */,
			);
			buildRules = (
			);
			dependencies = (
			);
			name = Colorizer;
			productName = SingleV;
			productReference = 60BBFF1D1BD9EFB3003AAC59 /* Colorizer.app */;
			productType = "com.apple.product-type.application";
		};
/* End PBXNativeTarget section */

/* Begin PBXProject section */
		60BBFF151BD9EFB3003AAC59 /* Project object */ = {
			isa = PBXProject;
			attributes = {
				LastUpgradeCheck = 0710;
				ORGANIZATIONNAME = "Matias Franco";
				TargetAttributes = {
					60BBFF1C1BD9EFB3003AAC59 = {
						CreatedOnToolsVersion = 7.1;
						DevelopmentTeam = MSW7DSTH27;
					};
				};
			};
			buildConfigurationList = 60BBFF181BD9EFB3003AAC59 /* Build configuration list for PBXProject "SingleV" */;
			compatibilityVersion = "Xcode 3.2";
			developmentRegion = English;
			hasScannedForEncodings = 0;
			knownRegions = (
				en,
				Base,
			);
			mainGroup = 60BBFF141BD9EFB3003AAC59;
			productRefGroup = 60BBFF1E1BD9EFB3003AAC59 /* Products */;
			projectDirPath = "";
			projectRoot = "";
			targets = (
				60BBFF1C1BD9EFB3003AAC59 /* Colorizer */,
			);
		};
/* End PBXProject section */

/* Begin PBXResourcesBuildPhase section */
		60BBFF1B1BD9EFB3003AAC59 /* Resources */ = {
			isa = PBXResourcesBuildPhase;
			buildActionMask = 2147483647;
			files = (
				60BBFF301BD9EFB3003AAC59 /* LaunchScreen.storyboard in Resources */,
				60BBFF2D1BD9EFB3003AAC59 /* Assets.xcassets in Resources */,
				60BBFF2B1BD9EFB3003AAC59 /* Main.storyboard in Resources */,
			);
			runOnlyForDeploymentPostprocessing = 0;
		};
/* End PBXResourcesBuildPhase section */

/* Begin PBXSourcesBuildPhase section */
		60BBFF191BD9EFB3003AAC59 /* Sources */ = {
			isa = PBXSourcesBuildPhase;
			buildActionMask = 2147483647;
			files = (
				60BBFF281BD9EFB3003AAC59 /* ViewController.m in Sources */,
				60BBFF251BD9EFB3003AAC59 /* AppDelegate.m in Sources */,
				60BBFF221BD9EFB3003AAC59 /* main.m in Sources */,
				60BBFF3E1BDA2424003AAC59 /* UIColor+Lightness.m in Sources */,
				60BBFF3B1BDA0C5C003AAC59 /* CLRButton.m in Sources */,
			);
			runOnlyForDeploymentPostprocessing = 0;
		};
/* End PBXSourcesBuildPhase section */

/* Begin PBXVariantGroup section */
		60BBFF291BD9EFB3003AAC59 /* Main.storyboard */ = {
			isa = PBXVariantGroup;
			children = (
				60BBFF2A1BD9EFB3003AAC59 /* Base */,
			);
			name = Main.storyboard;
			sourceTree = "<group>";
		};
		60BBFF2E1BD9EFB3003AAC59 /* LaunchScreen.storyboard */ = {
			isa = PBXVariantGroup;
			children = (
				60BBFF2F1BD9EFB3003AAC59 /* Base */,
			);
			name = LaunchScreen.storyboard;
			sourceTree = "<group>";
		};
/* End PBXVariantGroup section */

/* Begin XCBuildConfiguration section */
		60BBFF321BD9EFB3003AAC59 /* Debug */ = {
			isa = XCBuildConfiguration;
			buildSettings = {
				ALWAYS_SEARCH_USER_PATHS = NO;
				CLANG_CXX_LANGUAGE_STANDARD = "gnu++0x";
				CLANG_CXX_LIBRARY = "libc++";
				CLANG_ENABLE_MODULES = YES;
				CLANG_ENABLE_OBJC_ARC = YES;
				CLANG_WARN_BOOL_CONVERSION = YES;
				CLANG_WARN_CONSTANT_CONVERSION = YES;
				CLANG_WARN_DIRECT_OBJC_ISA_USAGE = YES_ERROR;
				CLANG_WARN_EMPTY_BODY = YES;
				CLANG_WARN_ENUM_CONVERSION = YES;
				CLANG_WARN_INT_CONVERSION = YES;
				CLANG_WARN_OBJC_ROOT_CLASS = YES_ERROR;
				CLANG_WARN_UNREACHABLE_CODE = YES;
				CLANG_WARN__DUPLICATE_METHOD_MATCH = YES;
				"CODE_SIGN_IDENTITY[sdk=iphoneos*]" = "iPhone Developer";
				COPY_PHASE_STRIP = NO;
				DEBUG_INFORMATION_FORMAT = dwarf;
				ENABLE_STRICT_OBJC_MSGSEND = YES;
				ENABLE_TESTABILITY = YES;
				GCC_C_LANGUAGE_STANDARD = gnu99;
				GCC_DYNAMIC_NO_PIC = NO;
				GCC_NO_COMMON_BLOCKS = YES;
				GCC_OPTIMIZATION_LEVEL = 0;
				GCC_PREPROCESSOR_DEFINITIONS = (
					"DEBUG=1",
					"$(inherited)",
				);
				GCC_WARN_64_TO_32_BIT_CONVERSION = YES;
				GCC_WARN_ABOUT_RETURN_TYPE = YES_ERROR;
				GCC_WARN_UNDECLARED_SELECTOR = YES;
				GCC_WARN_UNINITIALIZED_AUTOS = YES_AGGRESSIVE;
				GCC_WARN_UNUSED_FUNCTION = YES;
				GCC_WARN_UNUSED_VARIABLE = YES;
				IPHONEOS_DEPLOYMENT_TARGET = 9.1;
				MTL_ENABLE_DEBUG_INFO = YES;
				ONLY_ACTIVE_ARCH = YES;
				SDKROOT = iphoneos;
			};
			name = Debug;
		};
		60BBFF331BD9EFB3003AAC59 /* Release */ = {
			isa = XCBuildConfiguration;
			buildSettings = {
				ALWAYS_SEARCH_USER_PATHS = NO;
				CLANG_CXX_LANGUAGE_STANDARD = "gnu++0x";
				CLANG_CXX_LIBRARY = "libc++";
				CLANG_ENABLE_MODULES = YES;
				CLANG_ENABLE_OBJC_ARC = YES;
				CLANG_WARN_BOOL_CONVERSION = YES;
				CLANG_WARN_CONSTANT_CONVERSION = YES;
				CLANG_WARN_DIRECT_OBJC_ISA_USAGE = YES_ERROR;
				CLANG_WARN_EMPTY_BODY = YES;
				CLANG_WARN_ENUM_CONVERSION = YES;
				CLANG_WARN_INT_CONVERSION = YES;
				CLANG_WARN_OBJC_ROOT_CLASS = YES_ERROR;
				CLANG_WARN_UNREACHABLE_CODE = YES;
				CLANG_WARN__DUPLICATE_METHOD_MATCH = YES;
				"CODE_SIGN_IDENTITY[sdk=iphoneos*]" = "iPhone Developer";
				COPY_PHASE_STRIP = NO;
				DEBUG_INFORMATION_FORMAT = "dwarf-with-dsym";
				ENABLE_NS_ASSERTIONS = NO;
				ENABLE_STRICT_OBJC_MSGSEND = YES;
				GCC_C_LANGUAGE_STANDARD = gnu99;
				GCC_NO_COMMON_BLOCKS = YES;
				GCC_WARN_64_TO_32_BIT_CONVERSION = YES;
				GCC_WARN_ABOUT_RETURN_TYPE = YES_ERROR;
				GCC_WARN_UNDECLARED_SELECTOR = YES;
				GCC_WARN_UNINITIALIZED_AUTOS = YES_AGGRESSIVE;
				GCC_WARN_UNUSED_FUNCTION = YES;
				GCC_WARN_UNUSED_VARIABLE = YES;
				IPHONEOS_DEPLOYMENT_TARGET = 9.1;
				MTL_ENABLE_DEBUG_INFO = NO;
				SDKROOT = iphoneos;
				VALIDATE_PRODUCT = YES;
			};
			name = Release;
		};
		60BBFF351BD9EFB3003AAC59 /* Debug */ = {
			isa = XCBuildConfiguration;
			buildSettings = {
				ASSETCATALOG_COMPILER_APPICON_NAME = AppIcon;
				CODE_SIGN_IDENTITY = "iPhone Developer";
				"CODE_SIGN_IDENTITY[sdk=iphoneos*]" = "iPhone Developer";
				INFOPLIST_FILE = SingleV/Info.plist;
				LD_RUNPATH_SEARCH_PATHS = "$(inherited) @executable_path/Frameworks";
				PRODUCT_BUNDLE_IDENTIFIER = com.MatiasFranco.colorizer;
				PRODUCT_NAME = "$(TARGET_NAME)";
				PROVISIONING_PROFILE = "";
			};
			name = Debug;
		};
		60BBFF361BD9EFB3003AAC59 /* Release */ = {
			isa = XCBuildConfiguration;
			buildSettings = {
				ASSETCATALOG_COMPILER_APPICON_NAME = AppIcon;
				CODE_SIGN_IDENTITY = "iPhone Developer";
				"CODE_SIGN_IDENTITY[sdk=iphoneos*]" = "iPhone Developer";
				INFOPLIST_FILE = SingleV/Info.plist;
				LD_RUNPATH_SEARCH_PATHS = "$(inherited) @executable_path/Frameworks";
				PRODUCT_BUNDLE_IDENTIFIER = com.MatiasFranco.colorizer;
				PRODUCT_NAME = "$(TARGET_NAME)";
				PROVISIONING_PROFILE = "";
			};
			name = Release;
		};
/* End XCBuildConfiguration section */

/* Begin XCConfigurationList section */
		60BBFF181BD9EFB3003AAC59 /* Build configuration list for PBXProject "SingleV" */ = {
			isa = XCConfigurationList;
			buildConfigurations = (
				60BBFF321BD9EFB3003AAC59 /* Debug */,
				60BBFF331BD9EFB3003AAC59 /* Release */,
			);
			defaultConfigurationIsVisible = 0;
			defaultConfigurationName = Release;
		};
		60BBFF341BD9EFB3003AAC59 /* Build configuration list for PBXNativeTarget "Colorizer" */ = {
			isa = XCConfigurationList;
			buildConfigurations = (
				60BBFF351BD9EFB3003AAC59 /* Debug */,
				60BBFF361BD9EFB3003AAC59 /* Release */,
			);
			defaultConfigurationIsVisible = 0;
			defaultConfigurationName = Release;
		};
/* End XCConfigurationList section */
	};
	rootObject = 60BBFF151BD9EFB3003AAC59 /* Project object */;
}
